{
  "requires": true,
  "lockfileVersion": 1,
  "dependencies": {
    "mobx": {
      "version": "6.1.7",
      "resolved": "https://registry.npmjs.org/mobx/-/mobx-6.1.7.tgz",
      "integrity": "sha512-2iIgg2o0jd/bWAK/9KHJ1uwKHGowKyaTUM4qarJ0qGdLskYcB3sJevjjV7t7jW0WVjItz6BBlPNiZ14oHTpvMg=="
    },
    "mobx-react-lite": {
      "version": "3.2.0",
      "resolved": "https://registry.npmjs.org/mobx-react-lite/-/mobx-react-lite-3.2.0.tgz",
      "integrity": "sha512-q5+UHIqYCOpBoFm/PElDuOhbcatvTllgRp3M1s+Hp5j0Z6XNgDbgqxawJ0ZAUEyKM8X1zs70PCuhAIzX1f4Q/g=="
    }
  }
}
